<?xml version="1.0" encoding="utf-8"?>
<Project ToolsVersion="4.0" xmlns="http://schemas.microsoft.com/developer/msbuild/2003">
  <ItemGroup>
    <Filter Include="Source Files">
      <UniqueIdentifier>{4FC737F1-C7A5-4376-A066-2A32D752A2FF}</UniqueIdentifier>
      <Extensions>cpp;c;cc;cxx;def;odl;idl;hpj;bat;asm;asmx</Extensions>
    </Filter>
    <Filter Include="Header Files">
      <UniqueIdentifier>{93995380-89BD-4b04-88EB-625FBE52EBFB}</UniqueIdentifier>
      <Extensions>h;hpp;hxx;hm;inl;inc;xsd</Extensions>
    </Filter>
    <Filter Include="OpenCL Files">
      <UniqueIdentifier>{D011BB44-1BF7-4113-997B-A081035B40D8}</UniqueIdentifier>
      <Extensions>cl</Extensions>
    </Filter>
    <Filter Include="Source Files\tests">
      <UniqueIdentifier>{0b288f8f-268e-49ec-aa3b-61f8d4e186e3}</UniqueIdentifier>
    </Filter>
    <Filter Include="Header Files\specification">
      <UniqueIdentifier>{1c9d35e7-f8ac-4442-a910-2dd30f82f9f1}</UniqueIdentifier>
    </Filter>
    <Filter Include="Source Files\specification">
      <UniqueIdentifier>{76112fff-eaac-4239-8355-76ce97a5d1e1}</UniqueIdentifier>
    </Filter>
    <Filter Include="Header Files\specification\accessor">
      <UniqueIdentifier>{24e9e996-50a2-41bd-aff5-8b00bcbc900a}</UniqueIdentifier>
    </Filter>
    <Filter Include="Header Files\specification\ranges">
      <UniqueIdentifier>{c5abcb55-673b-4329-8c4a-0693f461aae8}</UniqueIdentifier>
    </Filter>
    <Filter Include="Source Files\specification\ranges">
      <UniqueIdentifier>{ed7dbd73-90ba-4636-8903-4dbdfc2e6d61}</UniqueIdentifier>
    </Filter>
    <Filter Include="Header Files\specification\functions">
      <UniqueIdentifier>{f1ecb52e-fda3-4a1f-821b-bcd65b73091b}</UniqueIdentifier>
    </Filter>
    <Filter Include="Header Files\src_handlers">
      <UniqueIdentifier>{fa02df96-db83-4d24-87d2-154d4b7aa477}</UniqueIdentifier>
    </Filter>
    <Filter Include="Source Files\src_handlers">
      <UniqueIdentifier>{792b8cac-84c1-430a-95fe-78a80a268675}</UniqueIdentifier>
    </Filter>
  </ItemGroup>
  <ItemGroup>
    <ClCompile Include="main.cpp">
      <Filter>Source Files</Filter>
    </ClCompile>
    <ClCompile Include="tests\test1.cpp">
      <Filter>Source Files\tests</Filter>
    </ClCompile>
    <ClCompile Include="tests\test2.cpp">
      <Filter>Source Files\tests</Filter>
    </ClCompile>
    <ClCompile Include="tests\test3.cpp">
      <Filter>Source Files\tests</Filter>
    </ClCompile>
    <ClCompile Include="tests\test4.cpp">
      <Filter>Source Files\tests</Filter>
    </ClCompile>
    <ClCompile Include="tests\test5.cpp">
      <Filter>Source Files\tests</Filter>
    </ClCompile>
    <ClCompile Include="implementation\specification\device.cpp">
      <Filter>Source Files\specification</Filter>
    </ClCompile>
    <ClCompile Include="implementation\specification\platform.cpp">
      <Filter>Source Files\specification</Filter>
    </ClCompile>
    <ClCompile Include="implementation\specification\context.cpp">
      <Filter>Source Files\specification</Filter>
    </ClCompile>
    <ClCompile Include="tests\test6.cpp">
      <Filter>Source Files\tests</Filter>
    </ClCompile>
    <ClCompile Include="implementation\specification\queue.cpp">
      <Filter>Source Files\specification</Filter>
    </ClCompile>
    <ClCompile Include="implementation\specification\device_selector.cpp">
      <Filter>Source Files\specification</Filter>
    </ClCompile>
    <ClCompile Include="implementation\specification\command_group.cpp">
      <Filter>Source Files\specification</Filter>
    </ClCompile>
    <ClCompile Include="tests\test7.cpp">
      <Filter>Source Files\tests</Filter>
    </ClCompile>
    <ClCompile Include="implementation\specification\program.cpp">
      <Filter>Source Files\specification</Filter>
    </ClCompile>
    <ClCompile Include="implementation\specification\kernel.cpp">
      <Filter>Source Files\specification</Filter>
    </ClCompile>
    <ClCompile Include="tests\test8.cpp">
      <Filter>Source Files\tests</Filter>
    </ClCompile>
    <ClCompile Include="implementation\data_ref.cpp">
      <Filter>Source Files</Filter>
    </ClCompile>
    <ClCompile Include="implementation\specification\ranges\id.cpp">
      <Filter>Source Files\specification\ranges</Filter>
    </ClCompile>
    <ClCompile Include="tests\test9.cpp">
      <Filter>Source Files\tests</Filter>
    </ClCompile>
    <ClCompile Include="implementation\specification\event.cpp">
      <Filter>Source Files\specification</Filter>
    </ClCompile>
    <ClCompile Include="implementation\src_handlers\kernel_source.cpp">
      <Filter>Source Files\src_handlers</Filter>
    </ClCompile>
    <ClCompile Include="implementation\src_handlers\issue_command.cpp">
      <Filter>Source Files\src_handlers</Filter>
    </ClCompile>
  </ItemGroup>
  <ItemGroup>
    <ClInclude Include="implementation\sycl.hpp">
      <Filter>Header Files</Filter>
    </ClInclude>
    <ClInclude Include="implementation\debug.h">
      <Filter>Header Files</Filter>
    </ClInclude>
    <ClInclude Include="tests\tests.h">
      <Filter>Header Files</Filter>
    </ClInclude>
    <ClInclude Include="implementation\specification\access.h">
      <Filter>Header Files\specification</Filter>
    </ClInclude>
    <ClInclude Include="implementation\specification\accessor.h">
      <Filter>Header Files\specification</Filter>
    </ClInclude>
    <ClInclude Include="implementation\specification\buffer.h">
      <Filter>Header Files\specification</Filter>
    </ClInclude>
    <ClInclude Include="implementation\specification\command_group.h">
      <Filter>Header Files\specification</Filter>
    </ClInclude>
    <ClInclude Include="implementation\specification\context.h">
      <Filter>Header Files\specification</Filter>
    </ClInclude>
    <ClInclude Include="implementation\specification\device.h">
      <Filter>Header Files\specification</Filter>
    </ClInclude>
    <ClInclude Include="implementation\specification\kernel.h">
      <Filter>Header Files\specification</Filter>
    </ClInclude>
    <ClInclude Include="implementation\specification\platform.h">
      <Filter>Header Files\specification</Filter>
    </ClInclude>
    <ClInclude Include="implementation\specification\program.h">
      <Filter>Header Files\specification</Filter>
    </ClInclude>
    <ClInclude Include="implementation\specification\queue.h">
      <Filter>Header Files\specification</Filter>
    </ClInclude>
    <ClInclude Include="implementation\specification\ranges.h">
      <Filter>Header Files\specification</Filter>
    </ClInclude>
    <ClInclude Include="implementation\specification\refc.h">
      <Filter>Header Files\specification</Filter>
    </ClInclude>
    <ClInclude Include="implementation\common.h">
      <Filter>Header Files</Filter>
    </ClInclude>
    <ClInclude Include="implementation\specification\error_handler.h">
      <Filter>Header Files\specification</Filter>
    </ClInclude>
    <ClInclude Include="implementation\specification\device_selector.h">
      <Filter>Header Files\specification</Filter>
    </ClInclude>
    <ClInclude Include="implementation\specification\event.h">
      <Filter>Header Files\specification</Filter>
    </ClInclude>
    <ClInclude Include="implementation\error_code.h">
      <Filter>Header Files</Filter>
    </ClInclude>
    <ClInclude Include="implementation\data_ref.h">
      <Filter>Header Files</Filter>
    </ClInclude>
    <ClInclude Include="implementation\specification\accessor\buffer.h">
      <Filter>Header Files\specification\accessor</Filter>
    </ClInclude>
    <ClInclude Include="implementation\specification\ranges\range.h">
      <Filter>Header Files\specification\ranges</Filter>
    </ClInclude>
    <ClInclude Include="implementation\specification\ranges\id.h">
      <Filter>Header Files\specification\ranges</Filter>
    </ClInclude>
    <ClInclude Include="implementation\flow_control.h">
      <Filter>Header Files</Filter>
    </ClInclude>
    <ClInclude Include="implementation\specification\accessor\buffer_device.h">
      <Filter>Header Files\specification\accessor</Filter>
    </ClInclude>
    <ClInclude Include="implementation\specification\accessor\buffer_host.h">
      <Filter>Header Files\specification\accessor</Filter>
    </ClInclude>
    <ClInclude Include="implementation\specification\accessor\buffer_base.h">
      <Filter>Header Files\specification\accessor</Filter>
    </ClInclude>
    <ClInclude Include="implementation\specification\atomic.h">
      <Filter>Header Files\specification</Filter>
    </ClInclude>
    <ClInclude Include="implementation\specification\ranges\item.h">
      <Filter>Header Files\specification\ranges</Filter>
    </ClInclude>
    <ClInclude Include="implementation\specification\ranges\nd_range.h">
      <Filter>Header Files\specification\ranges</Filter>
    </ClInclude>
    <ClInclude Include="implementation\specification\ranges\nd_item.h">
      <Filter>Header Files\specification\ranges</Filter>
    </ClInclude>
    <ClInclude Include="implementation\specification\accessor\local.h">
      <Filter>Header Files\specification\accessor</Filter>
    </ClInclude>
    <ClInclude Include="implementation\specification\accessor\device_reference.h">
      <Filter>Header Files\specification\accessor</Filter>
    </ClInclude>
    <ClInclude Include="implementation\counter.h">
      <Filter>Header Files</Filter>
    </ClInclude>
    <ClInclude Include="implementation\specification\types.h">
      <Filter>Header Files\specification</Filter>
    </ClInclude>
    <ClInclude Include="implementation\specification\functions\common.h">
      <Filter>Header Files\specification\functions</Filter>
    </ClInclude>
    <ClInclude Include="implementation\specification\workitem_functions.h">
      <Filter>Header Files\specification</Filter>
    </ClInclude>
    <ClInclude Include="implementation\specification\info.h">
      <Filter>Header Files\specification</Filter>
    </ClInclude>
    <ClInclude Include="implementation\specification\exception.h">
      <Filter>Header Files\specification</Filter>
    </ClInclude>
    <ClInclude Include="implementation\specification\handler.h">
      <Filter>Header Files\specification</Filter>
    </ClInclude>
    <ClInclude Include="implementation\specification\param_traits.h">
      <Filter>Header Files\specification</Filter>
    </ClInclude>
    <ClInclude Include="implementation\function_traits.h">
      <Filter>Header Files</Filter>
    </ClInclude>
    <ClInclude Include="implementation\src_handlers\invoke_source.h">
      <Filter>Header Files\src_handlers</Filter>
    </ClInclude>
    <ClInclude Include="implementation\src_handlers\kernel_source.h">
      <Filter>Header Files\src_handlers</Filter>
    </ClInclude>
    <ClInclude Include="implementation\src_handlers\issue_command.h">
      <Filter>Header Files\src_handlers</Filter>
    </ClInclude>
    <ClInclude Include="implementation\specification\ranges\point.h">
      <Filter>Header Files\specification\ranges</Filter>
    </ClInclude>
  </ItemGroup>
</Project>