
Microsoft Visual Studio Solution File, Format Version 12.00
# Visual Studio 2013
VisualStudioVersion = 12.0.40629.0
MinimumVisualStudioVersion = 10.0.40219.1
Project("{8BC9CEB8-8B4A-11D0-8D11-00A0C91BC942}") = "sycl-gtx", "sycl-gtx\sycl-gtx.vcxproj", "{E99F5DFC-113A-4BC3-8253-90A6AC0C9A9D}"
EndProject
Project("{2150E333-8FDC-42A3-9474-1A3956D46DE8}") = "Solution Items", "Solution Items", "{7B3C21FD-8084-436F-9F28-E2CAB840E3B5}"
	ProjectSection(SolutionItems) = preProject
		Performance1.psess = Performance1.psess
	EndProjectSection
EndProject
Global
	GlobalSection(SolutionConfigurationPlatforms) = preSolution
		Debug|Win32 = Debug|Win32
		Release|Win32 = Release|Win32
	EndGlobalSection
	GlobalSection(ProjectConfigurationPlatforms) = postSolution
		{E99F5DFC-113A-4BC3-8253-90A6AC0C9A9D}.Debug|Win32.ActiveCfg = Debug|Win32
		{E99F5DFC-113A-4BC3-8253-90A6AC0C9A9D}.Debug|Win32.Build.0 = Debug|Win32
		{E99F5DFC-113A-4BC3-8253-90A6AC0C9A9D}.Release|Win32.ActiveCfg = Release|Win32
		{E99F5DFC-113A-4BC3-8253-90A6AC0C9A9D}.Release|Win32.Build.0 = Release|Win32
	EndGlobalSection
	GlobalSection(SolutionProperties) = preSolution
		HideSolutionNode = FALSE
	EndGlobalSection
	GlobalSection(Performance) = preSolution
		HasPerformanceSessions = true
	EndGlobalSection
EndGlobal
